
Microsoft Visual Studio Solution File, Format Version 12.00
# Visual Studio Version 17
VisualStudioVersion = 17.14.36109.1 d17.14
MinimumVisualStudioVersion = 10.0.40219.1
Project("{FAE04EC0-301F-11D3-BF4B-00C04F79EFBC}") = "APIPruebaToka", "APIPruebaToka\APIPruebaToka.csproj", "{14129FA1-31CE-428C-8FA4-07CF36F4A731}"
EndProject
Project("{FAE04EC0-301F-11D3-BF4B-00C04F79EFBC}") = "FrontPruebaToka", "FrontPruebaToka\FrontPruebaToka.csproj", "{D2F6B780-5D28-4F8B-969E-225E44EFED2B}"
EndProject
Global
	GlobalSection(SolutionConfigurationPlatforms) = preSolution
		Debug|Any CPU = Debug|Any CPU
		Release|Any CPU = Release|Any CPU
	EndGlobalSection
	GlobalSection(ProjectConfigurationPlatforms) = postSolution
		{14129FA1-31CE-428C-8FA4-07CF36F4A731}.Debug|Any CPU.ActiveCfg = Debug|Any CPU
		{14129FA1-31CE-428C-8FA4-07CF36F4A731}.Debug|Any CPU.Build.0 = Debug|Any CPU
		{14129FA1-31CE-428C-8FA4-07CF36F4A731}.Release|Any CPU.ActiveCfg = Release|Any CPU
		{14129FA1-31CE-428C-8FA4-07CF36F4A731}.Release|Any CPU.Build.0 = Release|Any CPU
		{D2F6B780-5D28-4F8B-969E-225E44EFED2B}.Debug|Any CPU.ActiveCfg = Debug|Any CPU
		{D2F6B780-5D28-4F8B-969E-225E44EFED2B}.Debug|Any CPU.Build.0 = Debug|Any CPU
		{D2F6B780-5D28-4F8B-969E-225E44EFED2B}.Release|Any CPU.ActiveCfg = Release|Any CPU
		{D2F6B780-5D28-4F8B-969E-225E44EFED2B}.Release|Any CPU.Build.0 = Release|Any CPU
	EndGlobalSection
	GlobalSection(SolutionProperties) = preSolution
		HideSolutionNode = FALSE
	EndGlobalSection
	GlobalSection(ExtensibilityGlobals) = postSolution
		SolutionGuid = {4B1668B2-383A-4E00-8AE0-7AEC3A871A7C}
	EndGlobalSection
EndGlobal
